
Microsoft Visual Studio Solution File, Format Version 12.00
# Visual Studio Version 17
VisualStudioVersion = 17.9.34622.214
MinimumVisualStudioVersion = 10.0.40219.1
Project("{FAE04EC0-301F-11D3-BF4B-00C04F79EFBC}") = "HammingСode", "HammingСode\HammingСode.csproj", "{E375701C-EBD5-495D-AA9E-A7992C6E22B3}"
EndProject
Global
	GlobalSection(SolutionConfigurationPlatforms) = preSolution
		Debug|Any CPU = Debug|Any CPU
		Release|Any CPU = Release|Any CPU
	EndGlobalSection
	GlobalSection(ProjectConfigurationPlatforms) = postSolution
		{E375701C-EBD5-495D-AA9E-A7992C6E22B3}.Debug|Any CPU.ActiveCfg = Debug|Any CPU
		{E375701C-EBD5-495D-AA9E-A7992C6E22B3}.Debug|Any CPU.Build.0 = Debug|Any CPU
		{E375701C-EBD5-495D-AA9E-A7992C6E22B3}.Release|Any CPU.ActiveCfg = Release|Any CPU
		{E375701C-EBD5-495D-AA9E-A7992C6E22B3}.Release|Any CPU.Build.0 = Release|Any CPU
	EndGlobalSection
	GlobalSection(SolutionProperties) = preSolution
		HideSolutionNode = FALSE
	EndGlobalSection
	GlobalSection(ExtensibilityGlobals) = postSolution
		SolutionGuid = {F3670AB7-EEB8-4C57-90ED-1EBC0BC8BE7C}
	EndGlobalSection
EndGlobal
